
Microsoft Visual Studio Solution File, Format Version 12.00
# Visual Studio Version 16
VisualStudioVersion = 16.0.30517.126
MinimumVisualStudioVersion = 10.0.40219.1
Project("{9A19103F-16F7-4668-BE54-9A1E7A4F7556}") = "ImplicitFiniteDifference", "ImplicitFiniteDifference\ImplicitFiniteDifference.csproj", "{C8E5AF6F-6F38-4684-83CA-51491837A66F}"
EndProject
Project("{9A19103F-16F7-4668-BE54-9A1E7A4F7556}") = "PDESolver", "PDESolver\PDESolver.csproj", "{593F10CF-6F31-4762-8703-30328563E979}"
EndProject
Project("{9A19103F-16F7-4668-BE54-9A1E7A4F7556}") = "UnitTests", "UnitTests\UnitTests.csproj", "{2E598CBD-A877-4ED6-B4CA-9B9154ACECE0}"
EndProject
Project("{FAE04EC0-301F-11D3-BF4B-00C04F79EFBC}") = "Models", "Models\Models.csproj", "{E8ADC4FD-1B25-40ED-AD3B-4C5FCE6373C3}"
EndProject
Project("{FAE04EC0-301F-11D3-BF4B-00C04F79EFBC}") = "ExampleFactory", "ExampleFactory\ExampleFactory.csproj", "{32CD5232-8750-41D6-AD8C-73C6BFE11B2B}"
EndProject
Global
	GlobalSection(SolutionConfigurationPlatforms) = preSolution
		Debug|Any CPU = Debug|Any CPU
		Release|Any CPU = Release|Any CPU
	EndGlobalSection
	GlobalSection(ProjectConfigurationPlatforms) = postSolution
		{C8E5AF6F-6F38-4684-83CA-51491837A66F}.Debug|Any CPU.ActiveCfg = Debug|Any CPU
		{C8E5AF6F-6F38-4684-83CA-51491837A66F}.Debug|Any CPU.Build.0 = Debug|Any CPU
		{C8E5AF6F-6F38-4684-83CA-51491837A66F}.Release|Any CPU.ActiveCfg = Release|Any CPU
		{C8E5AF6F-6F38-4684-83CA-51491837A66F}.Release|Any CPU.Build.0 = Release|Any CPU
		{593F10CF-6F31-4762-8703-30328563E979}.Debug|Any CPU.ActiveCfg = Debug|Any CPU
		{593F10CF-6F31-4762-8703-30328563E979}.Debug|Any CPU.Build.0 = Debug|Any CPU
		{593F10CF-6F31-4762-8703-30328563E979}.Release|Any CPU.ActiveCfg = Release|Any CPU
		{593F10CF-6F31-4762-8703-30328563E979}.Release|Any CPU.Build.0 = Release|Any CPU
		{2E598CBD-A877-4ED6-B4CA-9B9154ACECE0}.Debug|Any CPU.ActiveCfg = Debug|Any CPU
		{2E598CBD-A877-4ED6-B4CA-9B9154ACECE0}.Debug|Any CPU.Build.0 = Debug|Any CPU
		{2E598CBD-A877-4ED6-B4CA-9B9154ACECE0}.Release|Any CPU.ActiveCfg = Release|Any CPU
		{2E598CBD-A877-4ED6-B4CA-9B9154ACECE0}.Release|Any CPU.Build.0 = Release|Any CPU
		{E8ADC4FD-1B25-40ED-AD3B-4C5FCE6373C3}.Debug|Any CPU.ActiveCfg = Debug|Any CPU
		{E8ADC4FD-1B25-40ED-AD3B-4C5FCE6373C3}.Debug|Any CPU.Build.0 = Debug|Any CPU
		{E8ADC4FD-1B25-40ED-AD3B-4C5FCE6373C3}.Release|Any CPU.ActiveCfg = Release|Any CPU
		{E8ADC4FD-1B25-40ED-AD3B-4C5FCE6373C3}.Release|Any CPU.Build.0 = Release|Any CPU
		{32CD5232-8750-41D6-AD8C-73C6BFE11B2B}.Debug|Any CPU.ActiveCfg = Debug|Any CPU
		{32CD5232-8750-41D6-AD8C-73C6BFE11B2B}.Debug|Any CPU.Build.0 = Debug|Any CPU
		{32CD5232-8750-41D6-AD8C-73C6BFE11B2B}.Release|Any CPU.ActiveCfg = Release|Any CPU
		{32CD5232-8750-41D6-AD8C-73C6BFE11B2B}.Release|Any CPU.Build.0 = Release|Any CPU
	EndGlobalSection
	GlobalSection(SolutionProperties) = preSolution
		HideSolutionNode = FALSE
	EndGlobalSection
	GlobalSection(ExtensibilityGlobals) = postSolution
		SolutionGuid = {6C523348-9C8A-4352-8813-02166335CD6D}
	EndGlobalSection
EndGlobal
